
Microsoft Visual Studio Solution File, Format Version 12.00
# Visual Studio 15
VisualStudioVersion = 15.0.28307.106
MinimumVisualStudioVersion = 10.0.40219.1
Project("{F184B08F-C81C-45F6-A57F-5ABD9991F28F}") = "TANAutoMailer", "TANAutoMailer\TANAutoMailer.vbproj", "{666D74D5-02C1-4CC0-B0FF-F8D23486E92E}"
EndProject
Project("{2150E333-8FDC-42A3-9474-1A3956D46DE8}") = "Solution Items", "Solution Items", "{07A71A71-49D5-42E5-98D4-2FE35E639BAF}"
	ProjectSection(SolutionItems) = preProject
		README.md = README.md
	EndProjectSection
EndProject
Global
	GlobalSection(SolutionConfigurationPlatforms) = preSolution
		Debug|Any CPU = Debug|Any CPU
		Release|Any CPU = Release|Any CPU
	EndGlobalSection
	GlobalSection(ProjectConfigurationPlatforms) = postSolution
		{666D74D5-02C1-4CC0-B0FF-F8D23486E92E}.Debug|Any CPU.ActiveCfg = Debug|Any CPU
		{666D74D5-02C1-4CC0-B0FF-F8D23486E92E}.Debug|Any CPU.Build.0 = Debug|Any CPU
		{666D74D5-02C1-4CC0-B0FF-F8D23486E92E}.Release|Any CPU.ActiveCfg = Release|Any CPU
		{666D74D5-02C1-4CC0-B0FF-F8D23486E92E}.Release|Any CPU.Build.0 = Release|Any CPU
	EndGlobalSection
	GlobalSection(SolutionProperties) = preSolution
		HideSolutionNode = FALSE
	EndGlobalSection
	GlobalSection(ExtensibilityGlobals) = postSolution
		SolutionGuid = {0166B93D-BA4E-4AA4-A9CF-EBF2CF06A06C}
	EndGlobalSection
EndGlobal
